
Microsoft Visual Studio Solution File, Format Version 12.00
Project("{FAE04EC0-301F-11D3-BF4B-00C04F79EFBC}") = "BoikoLab01", "BoikoLab01\BoikoLab01.csproj", "{C34C50BC-1813-4D09-A7CC-E4D39A5C6AD9}"
EndProject
Global
	GlobalSection(SolutionConfigurationPlatforms) = preSolution
		Debug|Any CPU = Debug|Any CPU
		Release|Any CPU = Release|Any CPU
	EndGlobalSection
	GlobalSection(ProjectConfigurationPlatforms) = postSolution
		{C34C50BC-1813-4D09-A7CC-E4D39A5C6AD9}.Debug|Any CPU.ActiveCfg = Debug|Any CPU
		{C34C50BC-1813-4D09-A7CC-E4D39A5C6AD9}.Debug|Any CPU.Build.0 = Debug|Any CPU
		{C34C50BC-1813-4D09-A7CC-E4D39A5C6AD9}.Release|Any CPU.ActiveCfg = Release|Any CPU
		{C34C50BC-1813-4D09-A7CC-E4D39A5C6AD9}.Release|Any CPU.Build.0 = Release|Any CPU
	EndGlobalSection
EndGlobal
